// !$*UTF8*$!
{
	archiveVersion = 1;
	classes = {
	};
	objectVersion = 55;
	objects = {

/* Begin PBXBuildFile section */
		0D96ABDCB6A3FE5D3C198FBA /* Pods_SwiftAppWithCocoaPods.framework in Frameworks */ = {isa = PBXBuildFile; fileRef = 0D6F407623319E7ADE8CE76A /* Pods_SwiftAppWithCocoaPods.framework */; };
		96C0439E27A9D4B3004F688A /* AppDelegate.swift in Sources */ = {isa = PBXBuildFile; fileRef = 96C0439D27A9D4B3004F688A /* AppDelegate.swift */; };
		96C043A027A9D4B3004F688A /* SceneDelegate.swift in Sources */ = {isa = PBXBuildFile; fileRef = 96C0439F27A9D4B3004F688A /* SceneDelegate.swift */; };
		96C043A227A9D4B3004F688A /* ViewController.swift in Sources */ = {isa = PBXBuildFile; fileRef = 96C043A127A9D4B3004F688A /* ViewController.swift */; };
		96C043A527A9D4B3004F688A /* Main.storyboard in Resources */ = {isa = PBXBuildFile; fileRef = 96C043A327A9D4B3004F688A /* Main.storyboard */; };
		96C043A727A9D4B4004F688A /* Assets.xcassets in Resources */ = {isa = PBXBuildFile; fileRef = 96C043A627A9D4B4004F688A /* Assets.xcassets */; };
		96C043AA27A9D4B4004F688A /* LaunchScreen.storyboard in Resources */ = {isa = PBXBuildFile; fileRef = 96C043A827A9D4B4004F688A /* LaunchScreen.storyboard */; };
/* End PBXBuildFile section */

/* Begin PBXFileReference section */
		089B06EA7FB4D8C2B9EB26B8 /* Pods-SwiftAppWithCocoaPods.debug.xcconfig */ = {isa = PBXFileReference; includeInIndex = 1; lastKnownFileType = text.xcconfig; name = "Pods-SwiftAppWithCocoaPods.debug.xcconfig"; path = "Target Support Files/Pods-SwiftAppWithCocoaPods/Pods-SwiftAppWithCocoaPods.debug.xcconfig"; sourceTree = "<group>"; };
		0D6F407623319E7ADE8CE76A /* Pods_SwiftAppWithCocoaPods.framework */ = {isa = PBXFileReference; explicitFileType = wrapper.framework; includeInIndex = 0; path = Pods_SwiftAppWithCocoaPods.framework; sourceTree = BUILT_PRODUCTS_DIR; };
		8F1CF656CC04DEE2E0C55DD7 /* Pods-SwiftAppWithCocoaPods.release.xcconfig */ = {isa = PBXFileReference; includeInIndex = 1; lastKnownFileType = text.xcconfig; name = "Pods-SwiftAppWithCocoaPods.release.xcconfig"; path = "Target Support Files/Pods-SwiftAppWithCocoaPods/Pods-SwiftAppWithCocoaPods.release.xcconfig"; sourceTree = "<group>"; };
		96C0439A27A9D4B3004F688A /* SwiftAppWithCocoaPods.app */ = {isa = PBXFileReference; explicitFileType = wrapper.application; includeInIndex = 0; path = SwiftAppWithCocoaPods.app; sourceTree = BUILT_PRODUCTS_DIR; };
		96C0439D27A9D4B3004F688A /* AppDelegate.swift */ = {isa = PBXFileReference; lastKnownFileType = sourcecode.swift; path = AppDelegate.swift; sourceTree = "<group>"; };
		96C0439F27A9D4B3004F688A /* SceneDelegate.swift */ = {isa = PBXFileReference; lastKnownFileType = sourcecode.swift; path = SceneDelegate.swift; sourceTree = "<group>"; };
		96C043A127A9D4B3004F688A /* ViewController.swift */ = {isa = PBXFileReference; lastKnownFileType = sourcecode.swift; path = ViewController.swift; sourceTree = "<group>"; };
		96C043A427A9D4B3004F688A /* Base */ = {isa = PBXFileReference; lastKnownFileType = file.storyboard; name = Base; path = Base.lproj/Main.storyboard; sourceTree = "<group>"; };
		96C043A627A9D4B4004F688A /* Assets.xcassets */ = {isa = PBXFileReference; lastKnownFileType = folder.assetcatalog; path = Assets.xcassets; sourceTree = "<group>"; };
		96C043A927A9D4B4004F688A /* Base */ = {isa = PBXFileReference; lastKnownFileType = file.storyboard; name = Base; path = Base.lproj/LaunchScreen.storyboard; sourceTree = "<group>"; };
		96C043AB27A9D4B4004F688A /* Info.plist */ = {isa = PBXFileReference; lastKnownFileType = text.plist.xml; path = Info.plist; sourceTree = "<group>"; };
/* End PBXFileReference section */

/* Begin PBXFrameworksBuildPhase section */
		96C0439727A9D4B3004F688A /* Frameworks */ = {
			isa = PBXFrameworksBuildPhase;
			buildActionMask = 2147483647;
			files = (
				0D96ABDCB6A3FE5D3C198FBA /* Pods_SwiftAppWithCocoaPods.framework in Frameworks */,
			);
			runOnlyForDeploymentPostprocessing = 0;
		};
/* End PBXFrameworksBuildPhase section */

/* Begin PBXGroup section */
		3C77FD146733CC22076D6539 /* Pods */ = {
			isa = PBXGroup;
			children = (
				089B06EA7FB4D8C2B9EB26B8 /* Pods-SwiftAppWithCocoaPods.debug.xcconfig */,
				8F1CF656CC04DEE2E0C55DD7 /* Pods-SwiftAppWithCocoaPods.release.xcconfig */,
			);
			name = Pods;
			path = Pods;
			sourceTree = "<group>";
		};
		96C0439127A9D4B3004F688A = {
			isa = PBXGroup;
			children = (
				96C0439C27A9D4B3004F688A /* SwiftAppWithCocoaPods */,
				96C0439B27A9D4B3004F688A /* Products */,
				3C77FD146733CC22076D6539 /* Pods */,
				B834272317F042D680A5647B /* Frameworks */,
			);
			sourceTree = "<group>";
		};
		96C0439B27A9D4B3004F688A /* Products */ = {
			isa = PBXGroup;
			children = (
				96C0439A27A9D4B3004F688A /* SwiftAppWithCocoaPods.app */,
			);
			name = Products;
			sourceTree = "<group>";
		};
		96C0439C27A9D4B3004F688A /* SwiftAppWithCocoaPods */ = {
			isa = PBXGroup;
			children = (
				96C0439D27A9D4B3004F688A /* AppDelegate.swift */,
				96C0439F27A9D4B3004F688A /* SceneDelegate.swift */,
				96C043A127A9D4B3004F688A /* ViewController.swift */,
				96C043A327A9D4B3004F688A /* Main.storyboard */,
				96C043A627A9D4B4004F688A /* Assets.xcassets */,
				96C043A827A9D4B4004F688A /* LaunchScreen.storyboard */,
				96C043AB27A9D4B4004F688A /* Info.plist */,
			);
			path = SwiftAppWithCocoaPods;
			sourceTree = "<group>";
		};
		B834272317F042D680A5647B /* Frameworks */ = {
			isa = PBXGroup;
			children = (
				0D6F407623319E7ADE8CE76A /* Pods_SwiftAppWithCocoaPods.framework */,
			);
			name = Frameworks;
			sourceTree = "<group>";
		};
/* End PBXGroup section */

/* Begin PBXNativeTarget section */
		96C0439927A9D4B3004F688A /* SwiftAppWithCocoaPods */ = {
			isa = PBXNativeTarget;
			buildConfigurationList = 96C043AE27A9D4B4004F688A /* Build configuration list for PBXNativeTarget "SwiftAppWithCocoaPods" */;
			buildPhases = (
				D1EE18DD32774E7003CDBB22 /* [CP] Check Pods Manifest.lock */,
				96C0439627A9D4B3004F688A /* Sources */,
				96C0439727A9D4B3004F688A /* Frameworks */,
				96C0439827A9D4B3004F688A /* Resources */,
				EEC3DD22D5877AB908864BA9 /* [CP] Embed Pods Frameworks */,
			);
			buildRules = (
			);
			dependencies = (
			);
			name = SwiftAppWithCocoaPods;
			productName = SwiftAppWithCocoaPods;
			productReference = 96C0439A27A9D4B3004F688A /* SwiftAppWithCocoaPods.app */;
			productType = "com.apple.product-type.application";
		};
/* End PBXNativeTarget section */

/* Begin PBXProject section */
		96C0439227A9D4B3004F688A /* Project object */ = {
			isa = PBXProject;
			attributes = {
				BuildIndependentTargetsInParallel = 1;
				LastSwiftUpdateCheck = 1320;
				LastUpgradeCheck = 1320;
				TargetAttributes = {
					96C0439927A9D4B3004F688A = {
						CreatedOnToolsVersion = 13.2.1;
					};
				};
			};
			buildConfigurationList = 96C0439527A9D4B3004F688A /* Build configuration list for PBXProject "SwiftAppWithCocoaPods" */;
			compatibilityVersion = "Xcode 13.0";
			developmentRegion = en;
			hasScannedForEncodings = 0;
			knownRegions = (
				en,
				Base,
			);
			mainGroup = 96C0439127A9D4B3004F688A;
			productRefGroup = 96C0439B27A9D4B3004F688A /* Products */;
			projectDirPath = "";
			projectRoot = "";
			targets = (
				96C0439927A9D4B3004F688A /* SwiftAppWithCocoaPods */,
			);
		};
/* End PBXProject section */

/* Begin PBXResourcesBuildPhase section */
		96C0439827A9D4B3004F688A /* Resources */ = {
			isa = PBXResourcesBuildPhase;
			buildActionMask = 2147483647;
			files = (
				96C043AA27A9D4B4004F688A /* LaunchScreen.storyboard in Resources */,
				96C043A727A9D4B4004F688A /* Assets.xcassets in Resources */,
				96C043A527A9D4B3004F688A /* Main.storyboard in Resources */,
			);
			runOnlyForDeploymentPostprocessing = 0;
		};
/* End PBXResourcesBuildPhase section */

/* Begin PBXShellScriptBuildPhase section */
		D1EE18DD32774E7003CDBB22 /* [CP] Check Pods Manifest.lock */ = {
			isa = PBXShellScriptBuildPhase;
			buildActionMask = 2147483647;
			files = (
			);
			inputFileListPaths = (
			);
			inputPaths = (
				"${PODS_PODFILE_DIR_PATH}/Podfile.lock",
				"${PODS_ROOT}/Manifest.lock",
			);
			name = "[CP] Check Pods Manifest.lock";
			outputFileListPaths = (
			);
			outputPaths = (
				"$(DERIVED_FILE_DIR)/Pods-SwiftAppWithCocoaPods-checkManifestLockResult.txt",
			);
			runOnlyForDeploymentPostprocessing = 0;
			shellPath = /bin/sh;
			shellScript = "diff \"${PODS_PODFILE_DIR_PATH}/Podfile.lock\" \"${PODS_ROOT}/Manifest.lock\" > /dev/null\nif [ $? != 0 ] ; then\n    # print error to STDERR\n    echo \"error: The sandbox is not in sync with the Podfile.lock. Run 'pod install' or update your CocoaPods installation.\" >&2\n    exit 1\nfi\n# This output is used by Xcode 'outputs' to avoid re-running this script phase.\necho \"SUCCESS\" > \"${SCRIPT_OUTPUT_FILE_0}\"\n";
			showEnvVarsInLog = 0;
		};
		EEC3DD22D5877AB908864BA9 /* [CP] Embed Pods Frameworks */ = {
			isa = PBXShellScriptBuildPhase;
			buildActionMask = 2147483647;
			files = (
			);
			inputFileListPaths = (
				"${PODS_ROOT}/Target Support Files/Pods-SwiftAppWithCocoaPods/Pods-SwiftAppWithCocoaPods-frameworks-${CONFIGURATION}-input-files.xcfilelist",
			);
			name = "[CP] Embed Pods Frameworks";
			outputFileListPaths = (
				"${PODS_ROOT}/Target Support Files/Pods-SwiftAppWithCocoaPods/Pods-SwiftAppWithCocoaPods-frameworks-${CONFIGURATION}-output-files.xcfilelist",
			);
			runOnlyForDeploymentPostprocessing = 0;
			shellPath = /bin/sh;
			shellScript = "\"${PODS_ROOT}/Target Support Files/Pods-SwiftAppWithCocoaPods/Pods-SwiftAppWithCocoaPods-frameworks.sh\"\n";
			showEnvVarsInLog = 0;
		};
/* End PBXShellScriptBuildPhase section */

/* Begin PBXSourcesBuildPhase section */
		96C0439627A9D4B3004F688A /* Sources */ = {
			isa = PBXSourcesBuildPhase;
			buildActionMask = 2147483647;
			files = (
				96C043A227A9D4B3004F688A /* ViewController.swift in Sources */,
				96C0439E27A9D4B3004F688A /* AppDelegate.swift in Sources */,
				96C043A027A9D4B3004F688A /* SceneDelegate.swift in Sources */,
			);
			runOnlyForDeploymentPostprocessing = 0;
		};
/* End PBXSourcesBuildPhase section */

/* Begin PBXVariantGroup section */
		96C043A327A9D4B3004F688A /* Main.storyboard */ = {
			isa = PBXVariantGroup;
			children = (
				96C043A427A9D4B3004F688A /* Base */,
			);
			name = Main.storyboard;
			sourceTree = "<group>";
		};
		96C043A827A9D4B4004F688A /* LaunchScreen.storyboard */ = {
			isa = PBXVariantGroup;
			children = (
				96C043A927A9D4B4004F688A /* Base */,
			);
			name = LaunchScreen.storyboard;
			sourceTree = "<group>";
		};
/* End PBXVariantGroup section */

/* Begin XCBuildConfiguration section */
		96C043AC27A9D4B4004F688A /* Debug */ = {
			isa = XCBuildConfiguration;
			buildSettings = {
				ALWAYS_SEARCH_USER_PATHS = NO;
				CLANG_ANALYZER_NONNULL = YES;
				CLANG_ANALYZER_NUMBER_OBJECT_CONVERSION = YES_AGGRESSIVE;
				CLANG_CXX_LANGUAGE_STANDARD = "gnu++17";
				CLANG_CXX_LIBRARY = "libc++";
				CLANG_ENABLE_MODULES = YES;
				CLANG_ENABLE_OBJC_ARC = YES;
				CLANG_ENABLE_OBJC_WEAK = YES;
				CLANG_WARN_BLOCK_CAPTURE_AUTORELEASING = YES;
				CLANG_WARN_BOOL_CONVERSION = YES;
				CLANG_WARN_COMMA = YES;
				CLANG_WARN_CONSTANT_CONVERSION = YES;
				CLANG_WARN_DEPRECATED_OBJC_IMPLEMENTATIONS = YES;
				CLANG_WARN_DIRECT_OBJC_ISA_USAGE = YES_ERROR;
				CLANG_WARN_DOCUMENTATION_COMMENTS = YES;
				CLANG_WARN_EMPTY_BODY = YES;
				CLANG_WARN_ENUM_CONVERSION = YES;
				CLANG_WARN_INFINITE_RECURSION = YES;
				CLANG_WARN_INT_CONVERSION = YES;
				CLANG_WARN_NON_LITERAL_NULL_CONVERSION = YES;
				CLANG_WARN_OBJC_IMPLICIT_RETAIN_SELF = YES;
				CLANG_WARN_OBJC_LITERAL_CONVERSION = YES;
				CLANG_WARN_OBJC_ROOT_CLASS = YES_ERROR;
				CLANG_WARN_QUOTED_INCLUDE_IN_FRAMEWORK_HEADER = YES;
				CLANG_WARN_RANGE_LOOP_ANALYSIS = YES;
				CLANG_WARN_STRICT_PROTOTYPES = YES;
				CLANG_WARN_SUSPICIOUS_MOVE = YES;
				CLANG_WARN_UNGUARDED_AVAILABILITY = YES_AGGRESSIVE;
				CLANG_WARN_UNREACHABLE_CODE = YES;
				CLANG_WARN__DUPLICATE_METHOD_MATCH = YES;
				COPY_PHASE_STRIP = NO;
				DEBUG_INFORMATION_FORMAT = dwarf;
				ENABLE_STRICT_OBJC_MSGSEND = YES;
				ENABLE_TESTABILITY = YES;
				GCC_C_LANGUAGE_STANDARD = gnu11;
				GCC_DYNAMIC_NO_PIC = NO;
				GCC_NO_COMMON_BLOCKS = YES;
				GCC_OPTIMIZATION_LEVEL = 0;
				GCC_PREPROCESSOR_DEFINITIONS = (
					"DEBUG=1",
					"$(inherited)",
				);
				GCC_WARN_64_TO_32_BIT_CONVERSION = YES;
				GCC_WARN_ABOUT_RETURN_TYPE = YES_ERROR;
				GCC_WARN_UNDECLARED_SELECTOR = YES;
				GCC_WARN_UNINITIALIZED_AUTOS = YES_AGGRESSIVE;
				GCC_WARN_UNUSED_FUNCTION = YES;
				GCC_WARN_UNUSED_VARIABLE = YES;
				IPHONEOS_DEPLOYMENT_TARGET = 15.2;
				MTL_ENABLE_DEBUG_INFO = INCLUDE_SOURCE;
				MTL_FAST_MATH = YES;
				ONLY_ACTIVE_ARCH = YES;
				SDKROOT = iphoneos;
				SWIFT_ACTIVE_COMPILATION_CONDITIONS = DEBUG;
				SWIFT_OPTIMIZATION_LEVEL = "-Onone";
			};
			name = Debug;
		};
		96C043AD27A9D4B4004F688A /* Release */ = {
			isa = XCBuildConfiguration;
			buildSettings = {
				ALWAYS_SEARCH_USER_PATHS = NO;
				CLANG_ANALYZER_NONNULL = YES;
				CLANG_ANALYZER_NUMBER_OBJECT_CONVERSION = YES_AGGRESSIVE;
				CLANG_CXX_LANGUAGE_STANDARD = "gnu++17";
				CLANG_CXX_LIBRARY = "libc++";
				CLANG_ENABLE_MODULES = YES;
				CLANG_ENABLE_OBJC_ARC = YES;
				CLANG_ENABLE_OBJC_WEAK = YES;
				CLANG_WARN_BLOCK_CAPTURE_AUTORELEASING = YES;
				CLANG_WARN_BOOL_CONVERSION = YES;
				CLANG_WARN_COMMA = YES;
				CLANG_WARN_CONSTANT_CONVERSION = YES;
				CLANG_WARN_DEPRECATED_OBJC_IMPLEMENTATIONS = YES;
				CLANG_WARN_DIRECT_OBJC_ISA_USAGE = YES_ERROR;
				CLANG_WARN_DOCUMENTATION_COMMENTS = YES;
				CLANG_WARN_EMPTY_BODY = YES;
				CLANG_WARN_ENUM_CONVERSION = YES;
				CLANG_WARN_INFINITE_RECURSION = YES;
				CLANG_WARN_INT_CONVERSION = YES;
				CLANG_WARN_NON_LITERAL_NULL_CONVERSION = YES;
				CLANG_WARN_OBJC_IMPLICIT_RETAIN_SELF = YES;
				CLANG_WARN_OBJC_LITERAL_CONVERSION = YES;
				CLANG_WARN_OBJC_ROOT_CLASS = YES_ERROR;
				CLANG_WARN_QUOTED_INCLUDE_IN_FRAMEWORK_HEADER = YES;
				CLANG_WARN_RANGE_LOOP_ANALYSIS = YES;
				CLANG_WARN_STRICT_PROTOTYPES = YES;
				CLANG_WARN_SUSPICIOUS_MOVE = YES;
				CLANG_WARN_UNGUARDED_AVAILABILITY = YES_AGGRESSIVE;
				CLANG_WARN_UNREACHABLE_CODE = YES;
				CLANG_WARN__DUPLICATE_METHOD_MATCH = YES;
				COPY_PHASE_STRIP = NO;
				DEBUG_INFORMATION_FORMAT = "dwarf-with-dsym";
				ENABLE_NS_ASSERTIONS = NO;
				ENABLE_STRICT_OBJC_MSGSEND = YES;
				GCC_C_LANGUAGE_STANDARD = gnu11;
				GCC_NO_COMMON_BLOCKS = YES;
				GCC_WARN_64_TO_32_BIT_CONVERSION = YES;
				GCC_WARN_ABOUT_RETURN_TYPE = YES_ERROR;
				GCC_WARN_UNDECLARED_SELECTOR = YES;
				GCC_WARN_UNINITIALIZED_AUTOS = YES_AGGRESSIVE;
				GCC_WARN_UNUSED_FUNCTION = YES;
				GCC_WARN_UNUSED_VARIABLE = YES;
				IPHONEOS_DEPLOYMENT_TARGET = 15.2;
				MTL_ENABLE_DEBUG_INFO = NO;
				MTL_FAST_MATH = YES;
				SDKROOT = iphoneos;
				SWIFT_COMPILATION_MODE = wholemodule;
				SWIFT_OPTIMIZATION_LEVEL = "-O";
				VALIDATE_PRODUCT = YES;
			};
			name = Release;
		};
		96C043AF27A9D4B4004F688A /* Debug */ = {
			isa = XCBuildConfiguration;
			baseConfigurationReference = 089B06EA7FB4D8C2B9EB26B8 /* Pods-SwiftAppWithCocoaPods.debug.xcconfig */;
			buildSettings = {
				ASSETCATALOG_COMPILER_APPICON_NAME = AppIcon;
				ASSETCATALOG_COMPILER_GLOBAL_ACCENT_COLOR_NAME = AccentColor;
				CODE_SIGN_STYLE = Automatic;
				CURRENT_PROJECT_VERSION = 1;
				DEVELOPMENT_TEAM = 96GHH65B9D;
				GENERATE_INFOPLIST_FILE = YES;
				INFOPLIST_FILE = SwiftAppWithCocoaPods/Info.plist;
				INFOPLIST_KEY_UIApplicationSupportsIndirectInputEvents = YES;
				INFOPLIST_KEY_UILaunchStoryboardName = LaunchScreen;
				INFOPLIST_KEY_UIMainStoryboardFile = Main;
				INFOPLIST_KEY_UISupportedInterfaceOrientations_iPad = "UIInterfaceOrientationPortrait UIInterfaceOrientationPortraitUpsideDown UIInterfaceOrientationLandscapeLeft UIInterfaceOrientationLandscapeRight";
				INFOPLIST_KEY_UISupportedInterfaceOrientations_iPhone = "UIInterfaceOrientationPortrait UIInterfaceOrientationLandscapeLeft UIInterfaceOrientationLandscapeRight";
				IPHONEOS_DEPLOYMENT_TARGET = 14.0;
				LD_RUNPATH_SEARCH_PATHS = (
					"$(inherited)",
					"@executable_path/Frameworks",
				);
				MARKETING_VERSION = 3.3.1;
				PRODUCT_BUNDLE_IDENTIFIER = io.radar.SwiftAppWithCocoaPods;
				PRODUCT_NAME = "$(TARGET_NAME)";
				SWIFT_EMIT_LOC_STRINGS = YES;
				SWIFT_VERSION = 5.0;
				TARGETED_DEVICE_FAMILY = "1,2";
			};
			name = Debug;
		};
		96C043B027A9D4B4004F688A /* Release */ = {
			isa = XCBuildConfiguration;
			baseConfigurationReference = 8F1CF656CC04DEE2E0C55DD7 /* Pods-SwiftAppWithCocoaPods.release.xcconfig */;
			buildSettings = {
				ASSETCATALOG_COMPILER_APPICON_NAME = AppIcon;
				ASSETCATALOG_COMPILER_GLOBAL_ACCENT_COLOR_NAME = AccentColor;
				CODE_SIGN_STYLE = Automatic;
				CURRENT_PROJECT_VERSION = 1;
				DEVELOPMENT_TEAM = 96GHH65B9D;
				GENERATE_INFOPLIST_FILE = YES;
				INFOPLIST_FILE = SwiftAppWithCocoaPods/Info.plist;
				INFOPLIST_KEY_UIApplicationSupportsIndirectInputEvents = YES;
				INFOPLIST_KEY_UILaunchStoryboardName = LaunchScreen;
				INFOPLIST_KEY_UIMainStoryboardFile = Main;
				INFOPLIST_KEY_UISupportedInterfaceOrientations_iPad = "UIInterfaceOrientationPortrait UIInterfaceOrientationPortraitUpsideDown UIInterfaceOrientationLandscapeLeft UIInterfaceOrientationLandscapeRight";
				INFOPLIST_KEY_UISupportedInterfaceOrientations_iPhone = "UIInterfaceOrientationPortrait UIInterfaceOrientationLandscapeLeft UIInterfaceOrientationLandscapeRight";
				IPHONEOS_DEPLOYMENT_TARGET = 14.0;
				LD_RUNPATH_SEARCH_PATHS = (
					"$(inherited)",
					"@executable_path/Frameworks",
				);
				MARKETING_VERSION = 3.3.1;
				PRODUCT_BUNDLE_IDENTIFIER = io.radar.SwiftAppWithCocoaPods;
				PRODUCT_NAME = "$(TARGET_NAME)";
				SWIFT_EMIT_LOC_STRINGS = YES;
				SWIFT_VERSION = 5.0;
				TARGETED_DEVICE_FAMILY = "1,2";
			};
			name = Release;
		};
/* End XCBuildConfiguration section */

/* Begin XCConfigurationList section */
		96C0439527A9D4B3004F688A /* Build configuration list for PBXProject "SwiftAppWithCocoaPods" */ = {
			isa = XCConfigurationList;
			buildConfigurations = (
				96C043AC27A9D4B4004F688A /* Debug */,
				96C043AD27A9D4B4004F688A /* Release */,
			);
			defaultConfigurationIsVisible = 0;
			defaultConfigurationName = Release;
		};
		96C043AE27A9D4B4004F688A /* Build configuration list for PBXNativeTarget "SwiftAppWithCocoaPods" */ = {
			isa = XCConfigurationList;
			buildConfigurations = (
				96C043AF27A9D4B4004F688A /* Debug */,
				96C043B027A9D4B4004F688A /* Release */,
			);
			defaultConfigurationIsVisible = 0;
			defaultConfigurationName = Release;
		};
/* End XCConfigurationList section */
	};
	rootObject = 96C0439227A9D4B3004F688A /* Project object */;
}
