{
  "pins" : [
    {
      "identity" : "radar-sdk-ios",
      "kind" : "remoteSourceControl",
      "location" : "https://github.com/radarlabs/radar-sdk-ios.git",
      "state" : {
        "revision" : "6b337858bede68a90b636ec3f8f35aae3d3fe471",
        "version" : "3.5.2"
      }
    }
  ],
  "version" : 2
}
