// !$*UTF8*$!
{
	archiveVersion = 1;
	classes = {
	};
	objectVersion = 70;
	objects = {

/* Begin PBXBuildFile section */
		013D7AF226D327C400574AD5 /* RadarSDK.framework in Frameworks */ = {isa = PBXBuildFile; fileRef = 0107AA77262200DA008AB52F /* RadarSDK.framework */; settings = {ATTRIBUTES = (Required, ); }; };
		013D7AF326D327C400574AD5 /* RadarSDK.framework in Embed Frameworks */ = {isa = PBXBuildFile; fileRef = 0107AA77262200DA008AB52F /* RadarSDK.framework */; settings = {ATTRIBUTES = (CodeSignOnCopy, RemoveHeadersOnCopy, ); }; };
		DD236D27230A006700EB88F9 /* AppDelegate.swift in Sources */ = {isa = PBXBuildFile; fileRef = DD236D26230A006700EB88F9 /* AppDelegate.swift */; };
		DD236D30230A006900EB88F9 /* Assets.xcassets in Resources */ = {isa = PBXBuildFile; fileRef = DD236D2F230A006900EB88F9 /* Assets.xcassets */; };
		DD291169230D0AF900049D3A /* Utils.swift in Sources */ = {isa = PBXBuildFile; fileRef = DD291168230D0AF900049D3A /* Utils.swift */; };
		DDB861D32385FC3E00770661 /* Default-568h@2x.png in Resources */ = {isa = PBXBuildFile; fileRef = DDB861D22385FC3E00770661 /* Default-568h@2x.png */; };
		E698B7492C626B0600084371 /* RadarSDKMotion.framework in Frameworks */ = {isa = PBXBuildFile; fileRef = E698B7412C626AE600084371 /* RadarSDKMotion.framework */; };
		E698B7502C627A1600084371 /* RadarSDKMotion.framework in Embed Frameworks */ = {isa = PBXBuildFile; fileRef = E698B7412C626AE600084371 /* RadarSDKMotion.framework */; settings = {ATTRIBUTES = (CodeSignOnCopy, RemoveHeadersOnCopy, ); }; };
		F625D7F92C3337650024D1E7 /* Launch Screen.storyboard in Resources */ = {isa = PBXBuildFile; fileRef = F625D7F82C3337650024D1E7 /* Launch Screen.storyboard */; };
		F6513E792E60A5F600523472 /* LocationPushExtension.appex in Embed Foundation Extensions */ = {isa = PBXBuildFile; fileRef = F6513E722E60A5F600523472 /* LocationPushExtension.appex */; settings = {ATTRIBUTES = (RemoveHeadersOnCopy, ); }; };
		F6513EAA2E60D14700523472 /* RadarSDK.framework in Frameworks */ = {isa = PBXBuildFile; fileRef = 0107AA77262200DA008AB52F /* RadarSDK.framework */; };
/* End PBXBuildFile section */

/* Begin PBXContainerItemProxy section */
		0107AA76262200DA008AB52F /* PBXContainerItemProxy */ = {
			isa = PBXContainerItemProxy;
			containerPortal = DD86FCF9239185F4003225F6 /* RadarSDK.xcodeproj */;
			proxyType = 2;
			remoteGlobalIDString = 0107A9E82621FFB9008AB52F;
			remoteInfo = RadarSDK;
		};
		DD55C3BB2395D25600C34B40 /* PBXContainerItemProxy */ = {
			isa = PBXContainerItemProxy;
			containerPortal = DD86FCF9239185F4003225F6 /* RadarSDK.xcodeproj */;
			proxyType = 2;
			remoteGlobalIDString = DD236C7E2308797B00EB88F9;
			remoteInfo = RadarSDKTests;
		};
		E698B7402C626AE600084371 /* PBXContainerItemProxy */ = {
			isa = PBXContainerItemProxy;
			containerPortal = E698B7382C626AE600084371 /* RadarSDKMotion.xcodeproj */;
			proxyType = 2;
			remoteGlobalIDString = E698B6672C6167A800084371;
			remoteInfo = RadarSDKMotion;
		};
		E698B7422C626AE600084371 /* PBXContainerItemProxy */ = {
			isa = PBXContainerItemProxy;
			containerPortal = E698B7382C626AE600084371 /* RadarSDKMotion.xcodeproj */;
			proxyType = 2;
			remoteGlobalIDString = E698B6712C6167A800084371;
			remoteInfo = RadarSDKMotionTests;
		};
		F6513E772E60A5F600523472 /* PBXContainerItemProxy */ = {
			isa = PBXContainerItemProxy;
			containerPortal = DD236D1B230A006700EB88F9 /* Project object */;
			proxyType = 1;
			remoteGlobalIDString = F6513E712E60A5F600523472;
			remoteInfo = LocationPushExtension;
		};
/* End PBXContainerItemProxy section */

/* Begin PBXCopyFilesBuildPhase section */
		013D7AF426D327C400574AD5 /* Embed Frameworks */ = {
			isa = PBXCopyFilesBuildPhase;
			buildActionMask = 2147483647;
			dstPath = "";
			dstSubfolderSpec = 10;
			files = (
				013D7AF326D327C400574AD5 /* RadarSDK.framework in Embed Frameworks */,
				E698B7502C627A1600084371 /* RadarSDKMotion.framework in Embed Frameworks */,
			);
			name = "Embed Frameworks";
			runOnlyForDeploymentPostprocessing = 0;
		};
		F6513E7E2E60A5F600523472 /* Embed Foundation Extensions */ = {
			isa = PBXCopyFilesBuildPhase;
			buildActionMask = 2147483647;
			dstPath = "";
			dstSubfolderSpec = 13;
			files = (
				F6513E792E60A5F600523472 /* LocationPushExtension.appex in Embed Foundation Extensions */,
			);
			name = "Embed Foundation Extensions";
			runOnlyForDeploymentPostprocessing = 0;
		};
/* End PBXCopyFilesBuildPhase section */

/* Begin PBXFileReference section */
		DD236D23230A006700EB88F9 /* Example.app */ = {isa = PBXFileReference; explicitFileType = wrapper.application; includeInIndex = 0; path = Example.app; sourceTree = BUILT_PRODUCTS_DIR; };
		DD236D26230A006700EB88F9 /* AppDelegate.swift */ = {isa = PBXFileReference; lastKnownFileType = sourcecode.swift; path = AppDelegate.swift; sourceTree = "<group>"; };
		DD236D2F230A006900EB88F9 /* Assets.xcassets */ = {isa = PBXFileReference; lastKnownFileType = folder.assetcatalog; path = Assets.xcassets; sourceTree = "<group>"; };
		DD236D34230A006900EB88F9 /* Info.plist */ = {isa = PBXFileReference; lastKnownFileType = text.plist.xml; path = Info.plist; sourceTree = "<group>"; };
		DD291168230D0AF900049D3A /* Utils.swift */ = {isa = PBXFileReference; lastKnownFileType = sourcecode.swift; path = Utils.swift; sourceTree = "<group>"; };
		DD86FCF9239185F4003225F6 /* RadarSDK.xcodeproj */ = {isa = PBXFileReference; lastKnownFileType = "wrapper.pb-project"; name = RadarSDK.xcodeproj; path = ../RadarSDK.xcodeproj; sourceTree = SOURCE_ROOT; };
		DD86FD0B23918B3C003225F6 /* Example-Bridging-Header.h */ = {isa = PBXFileReference; lastKnownFileType = sourcecode.c.h; path = "Example-Bridging-Header.h"; sourceTree = "<group>"; };
		DDB861D22385FC3E00770661 /* Default-568h@2x.png */ = {isa = PBXFileReference; lastKnownFileType = image.png; path = "Default-568h@2x.png"; sourceTree = "<group>"; };
		E632FA1C2CAC366C00E86C85 /* Example.entitlements */ = {isa = PBXFileReference; lastKnownFileType = text.plist.entitlements; path = Example.entitlements; sourceTree = "<group>"; };
		E698B7382C626AE600084371 /* RadarSDKMotion.xcodeproj */ = {isa = PBXFileReference; lastKnownFileType = "wrapper.pb-project"; name = RadarSDKMotion.xcodeproj; path = ../../RadarSDKMotion/RadarSDKMotion.xcodeproj; sourceTree = "<group>"; };
		F625D7F82C3337650024D1E7 /* Launch Screen.storyboard */ = {isa = PBXFileReference; lastKnownFileType = file.storyboard; path = "Launch Screen.storyboard"; sourceTree = "<group>"; };
		F6513E722E60A5F600523472 /* LocationPushExtension.appex */ = {isa = PBXFileReference; explicitFileType = "wrapper.app-extension"; includeInIndex = 0; path = LocationPushExtension.appex; sourceTree = BUILT_PRODUCTS_DIR; };
/* End PBXFileReference section */

/* Begin PBXFileSystemSynchronizedBuildFileExceptionSet section */
		F6513E7A2E60A5F600523472 /* PBXFileSystemSynchronizedBuildFileExceptionSet */ = {
			isa = PBXFileSystemSynchronizedBuildFileExceptionSet;
			membershipExceptions = (
				Info.plist,
			);
			target = F6513E712E60A5F600523472 /* LocationPushExtension */;
		};
/* End PBXFileSystemSynchronizedBuildFileExceptionSet section */

/* Begin PBXFileSystemSynchronizedRootGroup section */
		F6513E732E60A5F600523472 /* LocationPushExtension */ = {isa = PBXFileSystemSynchronizedRootGroup; exceptions = (F6513E7A2E60A5F600523472 /* PBXFileSystemSynchronizedBuildFileExceptionSet */, ); explicitFileTypes = {}; explicitFolders = (); path = LocationPushExtension; sourceTree = "<group>"; };
/* End PBXFileSystemSynchronizedRootGroup section */

/* Begin PBXFrameworksBuildPhase section */
		DD236D20230A006700EB88F9 /* Frameworks */ = {
			isa = PBXFrameworksBuildPhase;
			buildActionMask = 2147483647;
			files = (
				013D7AF226D327C400574AD5 /* RadarSDK.framework in Frameworks */,
				E698B7492C626B0600084371 /* RadarSDKMotion.framework in Frameworks */,
			);
			runOnlyForDeploymentPostprocessing = 0;
		};
		F6513E6F2E60A5F600523472 /* Frameworks */ = {
			isa = PBXFrameworksBuildPhase;
			buildActionMask = 2147483647;
			files = (
				F6513EAA2E60D14700523472 /* RadarSDK.framework in Frameworks */,
			);
			runOnlyForDeploymentPostprocessing = 0;
		};
/* End PBXFrameworksBuildPhase section */

/* Begin PBXGroup section */
		DD236D1A230A006700EB88F9 = {
			isa = PBXGroup;
			children = (
				DD236D25230A006700EB88F9 /* Example */,
				F6513E732E60A5F600523472 /* LocationPushExtension */,
				DD236D24230A006700EB88F9 /* Products */,
				DD86FD03239185FB003225F6 /* Frameworks */,
			);
			sourceTree = "<group>";
		};
		DD236D24230A006700EB88F9 /* Products */ = {
			isa = PBXGroup;
			children = (
				DD236D23230A006700EB88F9 /* Example.app */,
				F6513E722E60A5F600523472 /* LocationPushExtension.appex */,
			);
			name = Products;
			sourceTree = "<group>";
		};
		DD236D25230A006700EB88F9 /* Example */ = {
			isa = PBXGroup;
			children = (
				E632FA1C2CAC366C00E86C85 /* Example.entitlements */,
				DD86FD0B23918B3C003225F6 /* Example-Bridging-Header.h */,
				DD236D34230A006900EB88F9 /* Info.plist */,
				DDB861D22385FC3E00770661 /* Default-568h@2x.png */,
				DD236D26230A006700EB88F9 /* AppDelegate.swift */,
				DD291168230D0AF900049D3A /* Utils.swift */,
				DD236D2F230A006900EB88F9 /* Assets.xcassets */,
				DD86FCF9239185F4003225F6 /* RadarSDK.xcodeproj */,
				E698B7382C626AE600084371 /* RadarSDKMotion.xcodeproj */,
				F625D7F82C3337650024D1E7 /* Launch Screen.storyboard */,
			);
			path = Example;
			sourceTree = "<group>";
		};
		DD55C3B62395D25600C34B40 /* Products */ = {
			isa = PBXGroup;
			children = (
				DD55C3BC2395D25600C34B40 /* RadarSDKTests.xctest */,
				0107AA77262200DA008AB52F /* RadarSDK.framework */,
			);
			name = Products;
			sourceTree = "<group>";
		};
		DD86FD03239185FB003225F6 /* Frameworks */ = {
			isa = PBXGroup;
			children = (
			);
			name = Frameworks;
			sourceTree = "<group>";
		};
		E698B7392C626AE600084371 /* Products */ = {
			isa = PBXGroup;
			children = (
				E698B7412C626AE600084371 /* RadarSDKMotion.framework */,
				E698B7432C626AE600084371 /* RadarSDKMotionTests.xctest */,
			);
			name = Products;
			sourceTree = "<group>";
		};
/* End PBXGroup section */

/* Begin PBXNativeTarget section */
		DD236D22230A006700EB88F9 /* Example */ = {
			isa = PBXNativeTarget;
			buildConfigurationList = DD236D37230A006900EB88F9 /* Build configuration list for PBXNativeTarget "Example" */;
			buildPhases = (
				DD236D1F230A006700EB88F9 /* Sources */,
				DD236D20230A006700EB88F9 /* Frameworks */,
				DD236D21230A006700EB88F9 /* Resources */,
				013D7AF426D327C400574AD5 /* Embed Frameworks */,
				F6513E7E2E60A5F600523472 /* Embed Foundation Extensions */,
			);
			buildRules = (
			);
			dependencies = (
				F6513E782E60A5F600523472 /* PBXTargetDependency */,
			);
			name = Example;
			packageProductDependencies = (
			);
			productName = Example;
			productReference = DD236D23230A006700EB88F9 /* Example.app */;
			productType = "com.apple.product-type.application";
		};
		F6513E712E60A5F600523472 /* LocationPushExtension */ = {
			isa = PBXNativeTarget;
			buildConfigurationList = F6513E7B2E60A5F600523472 /* Build configuration list for PBXNativeTarget "LocationPushExtension" */;
			buildPhases = (
				F6513E6E2E60A5F600523472 /* Sources */,
				F6513E6F2E60A5F600523472 /* Frameworks */,
				F6513E702E60A5F600523472 /* Resources */,
			);
			buildRules = (
			);
			dependencies = (
			);
			fileSystemSynchronizedGroups = (
				F6513E732E60A5F600523472 /* LocationPushExtension */,
			);
			name = LocationPushExtension;
			packageProductDependencies = (
			);
			productName = LocationPushExtension;
			productReference = F6513E722E60A5F600523472 /* LocationPushExtension.appex */;
			productType = "com.apple.product-type.app-extension";
		};
/* End PBXNativeTarget section */

/* Begin PBXProject section */
		DD236D1B230A006700EB88F9 /* Project object */ = {
			isa = PBXProject;
			attributes = {
				LastSwiftUpdateCheck = 1640;
				LastUpgradeCheck = 1320;
				ORGANIZATIONNAME = "Radar Labs, Inc.";
				TargetAttributes = {
					DD236D22230A006700EB88F9 = {
						CreatedOnToolsVersion = 11.0;
					};
					F6513E712E60A5F600523472 = {
						CreatedOnToolsVersion = 16.4;
					};
				};
			};
			buildConfigurationList = DD236D1E230A006700EB88F9 /* Build configuration list for PBXProject "Example" */;
			compatibilityVersion = "Xcode 9.3";
			developmentRegion = en;
			hasScannedForEncodings = 0;
			knownRegions = (
				en,
				Base,
			);
			mainGroup = DD236D1A230A006700EB88F9;
			packageReferences = (
			);
			productRefGroup = DD236D24230A006700EB88F9 /* Products */;
			projectDirPath = "";
			projectReferences = (
				{
					ProductGroup = DD55C3B62395D25600C34B40 /* Products */;
					ProjectRef = DD86FCF9239185F4003225F6 /* RadarSDK.xcodeproj */;
				},
				{
					ProductGroup = E698B7392C626AE600084371 /* Products */;
					ProjectRef = E698B7382C626AE600084371 /* RadarSDKMotion.xcodeproj */;
				},
			);
			projectRoot = "";
			targets = (
				DD236D22230A006700EB88F9 /* Example */,
				F6513E712E60A5F600523472 /* LocationPushExtension */,
			);
		};
/* End PBXProject section */

/* Begin PBXReferenceProxy section */
		0107AA77262200DA008AB52F /* RadarSDK.framework */ = {
			isa = PBXReferenceProxy;
			fileType = wrapper.framework;
			path = RadarSDK.framework;
			remoteRef = 0107AA76262200DA008AB52F /* PBXContainerItemProxy */;
			sourceTree = BUILT_PRODUCTS_DIR;
		};
		DD55C3BC2395D25600C34B40 /* RadarSDKTests.xctest */ = {
			isa = PBXReferenceProxy;
			fileType = wrapper.cfbundle;
			path = RadarSDKTests.xctest;
			remoteRef = DD55C3BB2395D25600C34B40 /* PBXContainerItemProxy */;
			sourceTree = BUILT_PRODUCTS_DIR;
		};
		E698B7412C626AE600084371 /* RadarSDKMotion.framework */ = {
			isa = PBXReferenceProxy;
			fileType = wrapper.framework;
			path = RadarSDKMotion.framework;
			remoteRef = E698B7402C626AE600084371 /* PBXContainerItemProxy */;
			sourceTree = BUILT_PRODUCTS_DIR;
		};
		E698B7432C626AE600084371 /* RadarSDKMotionTests.xctest */ = {
			isa = PBXReferenceProxy;
			fileType = wrapper.cfbundle;
			path = RadarSDKMotionTests.xctest;
			remoteRef = E698B7422C626AE600084371 /* PBXContainerItemProxy */;
			sourceTree = BUILT_PRODUCTS_DIR;
		};
/* End PBXReferenceProxy section */

/* Begin PBXResourcesBuildPhase section */
		DD236D21230A006700EB88F9 /* Resources */ = {
			isa = PBXResourcesBuildPhase;
			buildActionMask = 2147483647;
			files = (
				F625D7F92C3337650024D1E7 /* Launch Screen.storyboard in Resources */,
				DD236D30230A006900EB88F9 /* Assets.xcassets in Resources */,
				DDB861D32385FC3E00770661 /* Default-568h@2x.png in Resources */,
			);
			runOnlyForDeploymentPostprocessing = 0;
		};
		F6513E702E60A5F600523472 /* Resources */ = {
			isa = PBXResourcesBuildPhase;
			buildActionMask = 2147483647;
			files = (
			);
			runOnlyForDeploymentPostprocessing = 0;
		};
/* End PBXResourcesBuildPhase section */

/* Begin PBXSourcesBuildPhase section */
		DD236D1F230A006700EB88F9 /* Sources */ = {
			isa = PBXSourcesBuildPhase;
			buildActionMask = 2147483647;
			files = (
				DD236D27230A006700EB88F9 /* AppDelegate.swift in Sources */,
				DD291169230D0AF900049D3A /* Utils.swift in Sources */,
			);
			runOnlyForDeploymentPostprocessing = 0;
		};
		F6513E6E2E60A5F600523472 /* Sources */ = {
			isa = PBXSourcesBuildPhase;
			buildActionMask = 2147483647;
			files = (
			);
			runOnlyForDeploymentPostprocessing = 0;
		};
/* End PBXSourcesBuildPhase section */

/* Begin PBXTargetDependency section */
		F6513E782E60A5F600523472 /* PBXTargetDependency */ = {
			isa = PBXTargetDependency;
			target = F6513E712E60A5F600523472 /* LocationPushExtension */;
			targetProxy = F6513E772E60A5F600523472 /* PBXContainerItemProxy */;
		};
/* End PBXTargetDependency section */

/* Begin XCBuildConfiguration section */
		DD236D35230A006900EB88F9 /* Debug */ = {
			isa = XCBuildConfiguration;
			buildSettings = {
				ALWAYS_SEARCH_USER_PATHS = NO;
				CLANG_ANALYZER_NONNULL = YES;
				CLANG_ANALYZER_NUMBER_OBJECT_CONVERSION = YES_AGGRESSIVE;
				CLANG_CXX_LANGUAGE_STANDARD = "gnu++14";
				CLANG_CXX_LIBRARY = "libc++";
				CLANG_ENABLE_MODULES = YES;
				CLANG_ENABLE_OBJC_ARC = YES;
				CLANG_ENABLE_OBJC_WEAK = YES;
				CLANG_WARN_BLOCK_CAPTURE_AUTORELEASING = YES;
				CLANG_WARN_BOOL_CONVERSION = YES;
				CLANG_WARN_COMMA = YES;
				CLANG_WARN_CONSTANT_CONVERSION = YES;
				CLANG_WARN_DEPRECATED_OBJC_IMPLEMENTATIONS = YES;
				CLANG_WARN_DIRECT_OBJC_ISA_USAGE = YES_ERROR;
				CLANG_WARN_DOCUMENTATION_COMMENTS = YES;
				CLANG_WARN_EMPTY_BODY = YES;
				CLANG_WARN_ENUM_CONVERSION = YES;
				CLANG_WARN_INFINITE_RECURSION = YES;
				CLANG_WARN_INT_CONVERSION = YES;
				CLANG_WARN_NON_LITERAL_NULL_CONVERSION = YES;
				CLANG_WARN_OBJC_IMPLICIT_RETAIN_SELF = YES;
				CLANG_WARN_OBJC_LITERAL_CONVERSION = YES;
				CLANG_WARN_OBJC_ROOT_CLASS = YES_ERROR;
				CLANG_WARN_QUOTED_INCLUDE_IN_FRAMEWORK_HEADER = YES;
				CLANG_WARN_RANGE_LOOP_ANALYSIS = YES;
				CLANG_WARN_STRICT_PROTOTYPES = YES;
				CLANG_WARN_SUSPICIOUS_MOVE = YES;
				CLANG_WARN_UNGUARDED_AVAILABILITY = YES_AGGRESSIVE;
				CLANG_WARN_UNREACHABLE_CODE = YES;
				CLANG_WARN__DUPLICATE_METHOD_MATCH = YES;
				COPY_PHASE_STRIP = NO;
				DEBUG_INFORMATION_FORMAT = dwarf;
				ENABLE_STRICT_OBJC_MSGSEND = YES;
				ENABLE_TESTABILITY = YES;
				GCC_C_LANGUAGE_STANDARD = gnu11;
				GCC_DYNAMIC_NO_PIC = NO;
				GCC_NO_COMMON_BLOCKS = YES;
				GCC_OPTIMIZATION_LEVEL = 0;
				GCC_PREPROCESSOR_DEFINITIONS = (
					"DEBUG=1",
					"$(inherited)",
				);
				GCC_WARN_64_TO_32_BIT_CONVERSION = YES;
				GCC_WARN_ABOUT_RETURN_TYPE = YES_ERROR;
				GCC_WARN_UNDECLARED_SELECTOR = YES;
				GCC_WARN_UNINITIALIZED_AUTOS = YES_AGGRESSIVE;
				GCC_WARN_UNUSED_FUNCTION = YES;
				GCC_WARN_UNUSED_VARIABLE = YES;
				IPHONEOS_DEPLOYMENT_TARGET = 13.0;
				MTL_ENABLE_DEBUG_INFO = INCLUDE_SOURCE;
				MTL_FAST_MATH = YES;
				ONLY_ACTIVE_ARCH = YES;
				SDKROOT = iphoneos;
				SWIFT_ACTIVE_COMPILATION_CONDITIONS = DEBUG;
				SWIFT_OPTIMIZATION_LEVEL = "-Onone";
			};
			name = Debug;
		};
		DD236D36230A006900EB88F9 /* Release */ = {
			isa = XCBuildConfiguration;
			buildSettings = {
				ALWAYS_SEARCH_USER_PATHS = NO;
				CLANG_ANALYZER_NONNULL = YES;
				CLANG_ANALYZER_NUMBER_OBJECT_CONVERSION = YES_AGGRESSIVE;
				CLANG_CXX_LANGUAGE_STANDARD = "gnu++14";
				CLANG_CXX_LIBRARY = "libc++";
				CLANG_ENABLE_MODULES = YES;
				CLANG_ENABLE_OBJC_ARC = YES;
				CLANG_ENABLE_OBJC_WEAK = YES;
				CLANG_WARN_BLOCK_CAPTURE_AUTORELEASING = YES;
				CLANG_WARN_BOOL_CONVERSION = YES;
				CLANG_WARN_COMMA = YES;
				CLANG_WARN_CONSTANT_CONVERSION = YES;
				CLANG_WARN_DEPRECATED_OBJC_IMPLEMENTATIONS = YES;
				CLANG_WARN_DIRECT_OBJC_ISA_USAGE = YES_ERROR;
				CLANG_WARN_DOCUMENTATION_COMMENTS = YES;
				CLANG_WARN_EMPTY_BODY = YES;
				CLANG_WARN_ENUM_CONVERSION = YES;
				CLANG_WARN_INFINITE_RECURSION = YES;
				CLANG_WARN_INT_CONVERSION = YES;
				CLANG_WARN_NON_LITERAL_NULL_CONVERSION = YES;
				CLANG_WARN_OBJC_IMPLICIT_RETAIN_SELF = YES;
				CLANG_WARN_OBJC_LITERAL_CONVERSION = YES;
				CLANG_WARN_OBJC_ROOT_CLASS = YES_ERROR;
				CLANG_WARN_QUOTED_INCLUDE_IN_FRAMEWORK_HEADER = YES;
				CLANG_WARN_RANGE_LOOP_ANALYSIS = YES;
				CLANG_WARN_STRICT_PROTOTYPES = YES;
				CLANG_WARN_SUSPICIOUS_MOVE = YES;
				CLANG_WARN_UNGUARDED_AVAILABILITY = YES_AGGRESSIVE;
				CLANG_WARN_UNREACHABLE_CODE = YES;
				CLANG_WARN__DUPLICATE_METHOD_MATCH = YES;
				COPY_PHASE_STRIP = NO;
				DEBUG_INFORMATION_FORMAT = "dwarf-with-dsym";
				ENABLE_NS_ASSERTIONS = NO;
				ENABLE_STRICT_OBJC_MSGSEND = YES;
				GCC_C_LANGUAGE_STANDARD = gnu11;
				GCC_NO_COMMON_BLOCKS = YES;
				GCC_WARN_64_TO_32_BIT_CONVERSION = YES;
				GCC_WARN_ABOUT_RETURN_TYPE = YES_ERROR;
				GCC_WARN_UNDECLARED_SELECTOR = YES;
				GCC_WARN_UNINITIALIZED_AUTOS = YES_AGGRESSIVE;
				GCC_WARN_UNUSED_FUNCTION = YES;
				GCC_WARN_UNUSED_VARIABLE = YES;
				IPHONEOS_DEPLOYMENT_TARGET = 13.0;
				MTL_ENABLE_DEBUG_INFO = NO;
				MTL_FAST_MATH = YES;
				SDKROOT = iphoneos;
				SWIFT_COMPILATION_MODE = wholemodule;
				SWIFT_OPTIMIZATION_LEVEL = "-O";
				VALIDATE_PRODUCT = YES;
			};
			name = Release;
		};
		DD236D38230A006900EB88F9 /* Debug */ = {
			isa = XCBuildConfiguration;
			buildSettings = {
				ASSETCATALOG_COMPILER_APPICON_NAME = AppIcon;
				CODE_SIGN_ENTITLEMENTS = Example/Example.entitlements;
				CODE_SIGN_IDENTITY = "iPhone Developer";
				CODE_SIGN_STYLE = Automatic;
				DEVELOPMENT_TEAM = 96GHH65B9D;
				FRAMEWORK_SEARCH_PATHS = (
					"$(inherited)",
					"$(PROJECT_DIR)",
					"$(SRCROOT)",
				);
				HEADER_SEARCH_PATHS = "$(PROJECT_DIR)/RadarSDK";
				INFOPLIST_FILE = Example/Info.plist;
				INFOPLIST_KEY_CFBundleDisplayName = Example;
				IPHONEOS_DEPLOYMENT_TARGET = 14.0;
				LD_RUNPATH_SEARCH_PATHS = (
					"$(inherited)",
					"@executable_path/Frameworks",
				);
				MARKETING_VERSION = 3.5.0;
				PRODUCT_BUNDLE_IDENTIFIER = io.radar.iosexample;
				PRODUCT_NAME = "$(TARGET_NAME)";
				PROVISIONING_PROFILE_SPECIFIER = "";
				SWIFT_VERSION = 5.0;
				TARGETED_DEVICE_FAMILY = "1,2";
			};
			name = Debug;
		};
		DD236D39230A006900EB88F9 /* Release */ = {
			isa = XCBuildConfiguration;
			buildSettings = {
				ASSETCATALOG_COMPILER_APPICON_NAME = AppIcon;
				CODE_SIGN_ENTITLEMENTS = Example/Example.entitlements;
				CODE_SIGN_IDENTITY = "iPhone Developer";
				CODE_SIGN_STYLE = Automatic;
				DEVELOPMENT_TEAM = 96GHH65B9D;
				FRAMEWORK_SEARCH_PATHS = (
					"$(inherited)",
					"$(PROJECT_DIR)",
					"$(SRCROOT)",
				);
				HEADER_SEARCH_PATHS = "$(PROJECT_DIR)/RadarSDK";
				INFOPLIST_FILE = Example/Info.plist;
				INFOPLIST_KEY_CFBundleDisplayName = Example;
				IPHONEOS_DEPLOYMENT_TARGET = 14.0;
				LD_RUNPATH_SEARCH_PATHS = (
					"$(inherited)",
					"@executable_path/Frameworks",
				);
				MARKETING_VERSION = 3.5.0;
				PRODUCT_BUNDLE_IDENTIFIER = io.radar.iosexample;
				PRODUCT_NAME = "$(TARGET_NAME)";
				PROVISIONING_PROFILE_SPECIFIER = "";
				SWIFT_VERSION = 5.0;
				TARGETED_DEVICE_FAMILY = "1,2";
			};
			name = Release;
		};
		F6513E7C2E60A5F600523472 /* Debug */ = {
			isa = XCBuildConfiguration;
			buildSettings = {
				ASSETCATALOG_COMPILER_GENERATE_SWIFT_ASSET_SYMBOL_EXTENSIONS = YES;
				CLANG_CXX_LANGUAGE_STANDARD = "gnu++20";
				CODE_SIGN_ENTITLEMENTS = LocationPushExtension/LocationPushExtension.entitlements;
				CODE_SIGN_IDENTITY = "iPhone Developer";
				CODE_SIGN_STYLE = Automatic;
				CURRENT_PROJECT_VERSION = 1;
				DEVELOPMENT_TEAM = 96GHH65B9D;
				ENABLE_USER_SCRIPT_SANDBOXING = YES;
				GCC_C_LANGUAGE_STANDARD = gnu17;
				GENERATE_INFOPLIST_FILE = YES;
				INFOPLIST_FILE = LocationPushExtension/Info.plist;
				INFOPLIST_KEY_CFBundleDisplayName = LocationPushExtension;
				INFOPLIST_KEY_NSHumanReadableCopyright = "Copyright © 2025 Radar Labs, Inc. All rights reserved.";
				IPHONEOS_DEPLOYMENT_TARGET = 18.5;
				LD_RUNPATH_SEARCH_PATHS = (
					"$(inherited)",
					"@executable_path/Frameworks",
					"@executable_path/../../Frameworks",
				);
				LOCALIZATION_PREFERS_STRING_CATALOGS = YES;
				MARKETING_VERSION = 1.0;
				PRODUCT_BUNDLE_IDENTIFIER = io.radar.iosexample.LocationPushExtension;
				PRODUCT_NAME = "$(TARGET_NAME)";
				SKIP_INSTALL = YES;
				SWIFT_ACTIVE_COMPILATION_CONDITIONS = "DEBUG $(inherited)";
				SWIFT_EMIT_LOC_STRINGS = YES;
				SWIFT_VERSION = 5.0;
				TARGETED_DEVICE_FAMILY = "1,2";
			};
			name = Debug;
		};
		F6513E7D2E60A5F600523472 /* Release */ = {
			isa = XCBuildConfiguration;
			buildSettings = {
				ASSETCATALOG_COMPILER_GENERATE_SWIFT_ASSET_SYMBOL_EXTENSIONS = YES;
				CLANG_CXX_LANGUAGE_STANDARD = "gnu++20";
				CODE_SIGN_ENTITLEMENTS = LocationPushExtension/LocationPushExtension.entitlements;
				CODE_SIGN_IDENTITY = "iPhone Developer";
				CODE_SIGN_STYLE = Automatic;
				CURRENT_PROJECT_VERSION = 1;
				DEVELOPMENT_TEAM = 96GHH65B9D;
				ENABLE_USER_SCRIPT_SANDBOXING = YES;
				GCC_C_LANGUAGE_STANDARD = gnu17;
				GENERATE_INFOPLIST_FILE = YES;
				INFOPLIST_FILE = LocationPushExtension/Info.plist;
				INFOPLIST_KEY_CFBundleDisplayName = LocationPushExtension;
				INFOPLIST_KEY_NSHumanReadableCopyright = "Copyright © 2025 Radar Labs, Inc. All rights reserved.";
				IPHONEOS_DEPLOYMENT_TARGET = 18.5;
				LD_RUNPATH_SEARCH_PATHS = (
					"$(inherited)",
					"@executable_path/Frameworks",
					"@executable_path/../../Frameworks",
				);
				LOCALIZATION_PREFERS_STRING_CATALOGS = YES;
				MARKETING_VERSION = 1.0;
				PRODUCT_BUNDLE_IDENTIFIER = io.radar.iosexample.LocationPushExtension;
				PRODUCT_NAME = "$(TARGET_NAME)";
				SKIP_INSTALL = YES;
				SWIFT_EMIT_LOC_STRINGS = YES;
				SWIFT_VERSION = 5.0;
				TARGETED_DEVICE_FAMILY = "1,2";
			};
			name = Release;
		};
/* End XCBuildConfiguration section */

/* Begin XCConfigurationList section */
		DD236D1E230A006700EB88F9 /* Build configuration list for PBXProject "Example" */ = {
			isa = XCConfigurationList;
			buildConfigurations = (
				DD236D35230A006900EB88F9 /* Debug */,
				DD236D36230A006900EB88F9 /* Release */,
			);
			defaultConfigurationIsVisible = 0;
			defaultConfigurationName = Release;
		};
		DD236D37230A006900EB88F9 /* Build configuration list for PBXNativeTarget "Example" */ = {
			isa = XCConfigurationList;
			buildConfigurations = (
				DD236D38230A006900EB88F9 /* Debug */,
				DD236D39230A006900EB88F9 /* Release */,
			);
			defaultConfigurationIsVisible = 0;
			defaultConfigurationName = Release;
		};
		F6513E7B2E60A5F600523472 /* Build configuration list for PBXNativeTarget "LocationPushExtension" */ = {
			isa = XCConfigurationList;
			buildConfigurations = (
				F6513E7C2E60A5F600523472 /* Debug */,
				F6513E7D2E60A5F600523472 /* Release */,
			);
			defaultConfigurationIsVisible = 0;
			defaultConfigurationName = Release;
		};
/* End XCConfigurationList section */
	};
	rootObject = DD236D1B230A006700EB88F9 /* Project object */;
}
