// !$*UTF8*$!
{
	archiveVersion = 1;
	classes = {
	};
	objectVersion = 54;
	objects = {

/* Begin PBXBuildFile section */
		013D7AF226D327C400574AD5 /* RadarSDK.framework in Frameworks */ = {isa = PBXBuildFile; fileRef = 0107AA77262200DA008AB52F /* RadarSDK.framework */; settings = {ATTRIBUTES = (Required, ); }; };
		013D7AF326D327C400574AD5 /* RadarSDK.framework in Embed Frameworks */ = {isa = PBXBuildFile; fileRef = 0107AA77262200DA008AB52F /* RadarSDK.framework */; settings = {ATTRIBUTES = (CodeSignOnCopy, RemoveHeadersOnCopy, ); }; };
		DD236D27230A006700EB88F9 /* AppDelegate.swift in Sources */ = {isa = PBXBuildFile; fileRef = DD236D26230A006700EB88F9 /* AppDelegate.swift */; };
		DD236D30230A006900EB88F9 /* Assets.xcassets in Resources */ = {isa = PBXBuildFile; fileRef = DD236D2F230A006900EB88F9 /* Assets.xcassets */; };
		DD291169230D0AF900049D3A /* Utils.swift in Sources */ = {isa = PBXBuildFile; fileRef = DD291168230D0AF900049D3A /* Utils.swift */; };
		DDB861D32385FC3E00770661 /* Default-568h@2x.png in Resources */ = {isa = PBXBuildFile; fileRef = DDB861D22385FC3E00770661 /* Default-568h@2x.png */; };
		E698B7492C626B0600084371 /* RadarSDKMotion.framework in Frameworks */ = {isa = PBXBuildFile; fileRef = E698B7412C626AE600084371 /* RadarSDKMotion.framework */; };
		E698B7502C627A1600084371 /* RadarSDKMotion.framework in Embed Frameworks */ = {isa = PBXBuildFile; fileRef = E698B7412C626AE600084371 /* RadarSDKMotion.framework */; settings = {ATTRIBUTES = (CodeSignOnCopy, RemoveHeadersOnCopy, ); }; };
		F61886BF2EA7DB1D0072E87C /* TestsView.swift in Sources */ = {isa = PBXBuildFile; fileRef = F61886B92EA7DB180072E87C /* TestsView.swift */; };
		F61886C12EA7DB440072E87C /* MyRadarDelegate.swift in Sources */ = {isa = PBXBuildFile; fileRef = F61886C02EA7DB3F0072E87C /* MyRadarDelegate.swift */; };
		F61886C32EA7DB5F0072E87C /* LogsView.swift in Sources */ = {isa = PBXBuildFile; fileRef = F61886C22EA7DB5C0072E87C /* LogsView.swift */; };
		F61886C52EA7DC820072E87C /* MapView.swift in Sources */ = {isa = PBXBuildFile; fileRef = F61886C42EA7DC800072E87C /* MapView.swift */; };
		F61886CF2EA800830072E87C /* DebugView.swift in Sources */ = {isa = PBXBuildFile; fileRef = F61886CE2EA800830072E87C /* DebugView.swift */; };
		F6513F602E6B736200523472 /* MainView.swift in Sources */ = {isa = PBXBuildFile; fileRef = F6513F5F2E6B736200523472 /* MainView.swift */; };
		F65B4C2F2EB3B72B00434EF1 /* site.swift in Sources */ = {isa = PBXBuildFile; fileRef = F65B4C272EB3B72A00434EF1 /* site.swift */; };
		F65B4C312EB3B7F900434EF1 /* RadarSite.swift in Sources */ = {isa = PBXBuildFile; fileRef = F65B4C302EB3B7F500434EF1 /* RadarSite.swift */; };
		F65B4C452EB9379300434EF1 /* AR.swift in Sources */ = {isa = PBXBuildFile; fileRef = F65B4C442EB9379000434EF1 /* AR.swift */; };
		F66DAD6A2E707F0700896773 /* waypoints.gpx in Sources */ = {isa = PBXBuildFile; fileRef = F66DAD642E707F0300896773 /* waypoints.gpx */; };
		F68F408E2EB1310A0004EE07 /* RadarSDKIndoors.framework in Frameworks */ = {isa = PBXBuildFile; fileRef = F68F40892EB1309A0004EE07 /* RadarSDKIndoors.framework */; };
		F68F408F2EB1310A0004EE07 /* RadarSDKIndoors.framework in Embed Frameworks */ = {isa = PBXBuildFile; fileRef = F68F40892EB1309A0004EE07 /* RadarSDKIndoors.framework */; settings = {ATTRIBUTES = (CodeSignOnCopy, RemoveHeadersOnCopy, ); }; };
		F68F40A52EB2A5480004EE07 /* MapLibre in Frameworks */ = {isa = PBXBuildFile; productRef = F68F40A42EB2A5480004EE07 /* MapLibre */; };
		F68F40AA2EB2AA220004EE07 /* MapLibreSwiftDSL in Frameworks */ = {isa = PBXBuildFile; productRef = F68F40A92EB2AA220004EE07 /* MapLibreSwiftDSL */; };
		F68F40AC2EB2AA220004EE07 /* MapLibreSwiftMacros in Frameworks */ = {isa = PBXBuildFile; productRef = F68F40AB2EB2AA220004EE07 /* MapLibreSwiftMacros */; };
		F68F40AE2EB2AA220004EE07 /* MapLibreSwiftUI in Frameworks */ = {isa = PBXBuildFile; productRef = F68F40AD2EB2AA220004EE07 /* MapLibreSwiftUI */; };
/* End PBXBuildFile section */

/* Begin PBXContainerItemProxy section */
		0107AA76262200DA008AB52F /* PBXContainerItemProxy */ = {
			isa = PBXContainerItemProxy;
			containerPortal = DD86FCF9239185F4003225F6 /* RadarSDK.xcodeproj */;
			proxyType = 2;
			remoteGlobalIDString = 0107A9E82621FFB9008AB52F;
			remoteInfo = RadarSDK;
		};
		DD55C3BB2395D25600C34B40 /* PBXContainerItemProxy */ = {
			isa = PBXContainerItemProxy;
			containerPortal = DD86FCF9239185F4003225F6 /* RadarSDK.xcodeproj */;
			proxyType = 2;
			remoteGlobalIDString = DD236C7E2308797B00EB88F9;
			remoteInfo = RadarSDKTests;
		};
		E698B7402C626AE600084371 /* PBXContainerItemProxy */ = {
			isa = PBXContainerItemProxy;
			containerPortal = E698B7382C626AE600084371 /* RadarSDKMotion.xcodeproj */;
			proxyType = 2;
			remoteGlobalIDString = E698B6672C6167A800084371;
			remoteInfo = RadarSDKMotion;
		};
		E698B7422C626AE600084371 /* PBXContainerItemProxy */ = {
			isa = PBXContainerItemProxy;
			containerPortal = E698B7382C626AE600084371 /* RadarSDKMotion.xcodeproj */;
			proxyType = 2;
			remoteGlobalIDString = E698B6712C6167A800084371;
			remoteInfo = RadarSDKMotionTests;
		};
		F68F40882EB1309A0004EE07 /* PBXContainerItemProxy */ = {
			isa = PBXContainerItemProxy;
			containerPortal = F68F40742EB130840004EE07 /* RadarSDKIndoors.xcodeproj */;
			proxyType = 2;
			remoteGlobalIDString = FE9414F72E0DE3E6008ECBEB;
			remoteInfo = RadarSDKIndoors;
		};
		F68F408A2EB1309A0004EE07 /* PBXContainerItemProxy */ = {
			isa = PBXContainerItemProxy;
			containerPortal = F68F40742EB130840004EE07 /* RadarSDKIndoors.xcodeproj */;
			proxyType = 2;
			remoteGlobalIDString = FE9415002E0DE3E6008ECBEB;
			remoteInfo = RadarSDKIndoorsTests;
		};
/* End PBXContainerItemProxy section */

/* Begin PBXCopyFilesBuildPhase section */
		013D7AF426D327C400574AD5 /* Embed Frameworks */ = {
			isa = PBXCopyFilesBuildPhase;
			buildActionMask = 2147483647;
			dstPath = "";
			dstSubfolderSpec = 10;
			files = (
				F68F408F2EB1310A0004EE07 /* RadarSDKIndoors.framework in Embed Frameworks */,
				013D7AF326D327C400574AD5 /* RadarSDK.framework in Embed Frameworks */,
				E698B7502C627A1600084371 /* RadarSDKMotion.framework in Embed Frameworks */,
			);
			name = "Embed Frameworks";
			runOnlyForDeploymentPostprocessing = 0;
		};
/* End PBXCopyFilesBuildPhase section */

/* Begin PBXFileReference section */
		DD236D23230A006700EB88F9 /* Example.app */ = {isa = PBXFileReference; explicitFileType = wrapper.application; includeInIndex = 0; path = Example.app; sourceTree = BUILT_PRODUCTS_DIR; };
		DD236D26230A006700EB88F9 /* AppDelegate.swift */ = {isa = PBXFileReference; lastKnownFileType = sourcecode.swift; path = AppDelegate.swift; sourceTree = "<group>"; };
		DD236D2F230A006900EB88F9 /* Assets.xcassets */ = {isa = PBXFileReference; lastKnownFileType = folder.assetcatalog; path = Assets.xcassets; sourceTree = "<group>"; };
		DD236D34230A006900EB88F9 /* Info.plist */ = {isa = PBXFileReference; lastKnownFileType = text.plist.xml; path = Info.plist; sourceTree = "<group>"; };
		DD291168230D0AF900049D3A /* Utils.swift */ = {isa = PBXFileReference; lastKnownFileType = sourcecode.swift; path = Utils.swift; sourceTree = "<group>"; };
		DD86FCF9239185F4003225F6 /* RadarSDK.xcodeproj */ = {isa = PBXFileReference; lastKnownFileType = "wrapper.pb-project"; name = RadarSDK.xcodeproj; path = ../RadarSDK.xcodeproj; sourceTree = SOURCE_ROOT; };
		DD86FD0B23918B3C003225F6 /* Example-Bridging-Header.h */ = {isa = PBXFileReference; lastKnownFileType = sourcecode.c.h; path = "Example-Bridging-Header.h"; sourceTree = "<group>"; };
		DDB861D22385FC3E00770661 /* Default-568h@2x.png */ = {isa = PBXFileReference; lastKnownFileType = image.png; path = "Default-568h@2x.png"; sourceTree = "<group>"; };
		E632FA1C2CAC366C00E86C85 /* Example.entitlements */ = {isa = PBXFileReference; lastKnownFileType = text.plist.entitlements; path = Example.entitlements; sourceTree = "<group>"; };
		E698B7382C626AE600084371 /* RadarSDKMotion.xcodeproj */ = {isa = PBXFileReference; lastKnownFileType = "wrapper.pb-project"; name = RadarSDKMotion.xcodeproj; path = ../../RadarSDKMotion/RadarSDKMotion.xcodeproj; sourceTree = "<group>"; };
		F61886B92EA7DB180072E87C /* TestsView.swift */ = {isa = PBXFileReference; lastKnownFileType = sourcecode.swift; path = TestsView.swift; sourceTree = "<group>"; };
		F61886C02EA7DB3F0072E87C /* MyRadarDelegate.swift */ = {isa = PBXFileReference; lastKnownFileType = sourcecode.swift; path = MyRadarDelegate.swift; sourceTree = "<group>"; };
		F61886C22EA7DB5C0072E87C /* LogsView.swift */ = {isa = PBXFileReference; lastKnownFileType = sourcecode.swift; path = LogsView.swift; sourceTree = "<group>"; };
		F61886C42EA7DC800072E87C /* MapView.swift */ = {isa = PBXFileReference; lastKnownFileType = sourcecode.swift; path = MapView.swift; sourceTree = "<group>"; };
		F61886CE2EA800830072E87C /* DebugView.swift */ = {isa = PBXFileReference; lastKnownFileType = sourcecode.swift; path = DebugView.swift; sourceTree = "<group>"; };
		F6513F5F2E6B736200523472 /* MainView.swift */ = {isa = PBXFileReference; lastKnownFileType = sourcecode.swift; path = MainView.swift; sourceTree = "<group>"; };
		F65B4C272EB3B72A00434EF1 /* site.swift */ = {isa = PBXFileReference; lastKnownFileType = sourcecode.swift; path = site.swift; sourceTree = "<group>"; };
		F65B4C302EB3B7F500434EF1 /* RadarSite.swift */ = {isa = PBXFileReference; lastKnownFileType = sourcecode.swift; path = RadarSite.swift; sourceTree = "<group>"; };
		F65B4C442EB9379000434EF1 /* AR.swift */ = {isa = PBXFileReference; lastKnownFileType = sourcecode.swift; path = AR.swift; sourceTree = "<group>"; };
		F66DAD642E707F0300896773 /* waypoints.gpx */ = {isa = PBXFileReference; lastKnownFileType = text; path = waypoints.gpx; sourceTree = "<group>"; };
		F68F40742EB130840004EE07 /* RadarSDKIndoors.xcodeproj */ = {isa = PBXFileReference; lastKnownFileType = "wrapper.pb-project"; name = RadarSDKIndoors.xcodeproj; path = ../RadarSDKIndoors/RadarSDKIndoors.xcodeproj; sourceTree = SOURCE_ROOT; };
/* End PBXFileReference section */

/* Begin PBXFrameworksBuildPhase section */
		DD236D20230A006700EB88F9 /* Frameworks */ = {
			isa = PBXFrameworksBuildPhase;
			buildActionMask = 2147483647;
			files = (
				F68F40A52EB2A5480004EE07 /* MapLibre in Frameworks */,
				F68F40AA2EB2AA220004EE07 /* MapLibreSwiftDSL in Frameworks */,
				F68F408E2EB1310A0004EE07 /* RadarSDKIndoors.framework in Frameworks */,
				F68F40AC2EB2AA220004EE07 /* MapLibreSwiftMacros in Frameworks */,
				013D7AF226D327C400574AD5 /* RadarSDK.framework in Frameworks */,
				E698B7492C626B0600084371 /* RadarSDKMotion.framework in Frameworks */,
				F68F40AE2EB2AA220004EE07 /* MapLibreSwiftUI in Frameworks */,
			);
			runOnlyForDeploymentPostprocessing = 0;
		};
/* End PBXFrameworksBuildPhase section */

/* Begin PBXGroup section */
		DD236D1A230A006700EB88F9 = {
			isa = PBXGroup;
			children = (
				DD236D25230A006700EB88F9 /* Example */,
				DD236D24230A006700EB88F9 /* Products */,
				DD86FD03239185FB003225F6 /* Frameworks */,
			);
			sourceTree = "<group>";
		};
		DD236D24230A006700EB88F9 /* Products */ = {
			isa = PBXGroup;
			children = (
				DD236D23230A006700EB88F9 /* Example.app */,
			);
			name = Products;
			sourceTree = "<group>";
		};
		DD236D25230A006700EB88F9 /* Example */ = {
			isa = PBXGroup;
			children = (
				E632FA1C2CAC366C00E86C85 /* Example.entitlements */,
				DD86FD0B23918B3C003225F6 /* Example-Bridging-Header.h */,
				DD236D34230A006900EB88F9 /* Info.plist */,
				DDB861D22385FC3E00770661 /* Default-568h@2x.png */,
				DD236D26230A006700EB88F9 /* AppDelegate.swift */,
				F6513F5F2E6B736200523472 /* MainView.swift */,
				F61886C42EA7DC800072E87C /* MapView.swift */,
				F61886C02EA7DB3F0072E87C /* MyRadarDelegate.swift */,
				F61886B92EA7DB180072E87C /* TestsView.swift */,
				F61886CE2EA800830072E87C /* DebugView.swift */,
				F65B4C442EB9379000434EF1 /* AR.swift */,
				F65B4C302EB3B7F500434EF1 /* RadarSite.swift */,
				F65B4C272EB3B72A00434EF1 /* site.swift */,
				F61886C22EA7DB5C0072E87C /* LogsView.swift */,
				F66DAD642E707F0300896773 /* waypoints.gpx */,
				DD291168230D0AF900049D3A /* Utils.swift */,
				DD236D2F230A006900EB88F9 /* Assets.xcassets */,
				F68F40742EB130840004EE07 /* RadarSDKIndoors.xcodeproj */,
				DD86FCF9239185F4003225F6 /* RadarSDK.xcodeproj */,
				E698B7382C626AE600084371 /* RadarSDKMotion.xcodeproj */,
			);
			path = Example;
			sourceTree = "<group>";
		};
		DD55C3B62395D25600C34B40 /* Products */ = {
			isa = PBXGroup;
			children = (
				DD55C3BC2395D25600C34B40 /* RadarSDKTests.xctest */,
				0107AA77262200DA008AB52F /* RadarSDK.framework */,
			);
			name = Products;
			sourceTree = "<group>";
		};
		DD86FD03239185FB003225F6 /* Frameworks */ = {
			isa = PBXGroup;
			children = (
			);
			name = Frameworks;
			sourceTree = "<group>";
		};
		E698B7392C626AE600084371 /* Products */ = {
			isa = PBXGroup;
			children = (
				E698B7412C626AE600084371 /* RadarSDKMotion.framework */,
				E698B7432C626AE600084371 /* RadarSDKMotionTests.xctest */,
			);
			name = Products;
			sourceTree = "<group>";
		};
		F68F407B2EB130990004EE07 /* Products */ = {
			isa = PBXGroup;
			children = (
				F68F40892EB1309A0004EE07 /* RadarSDKIndoors.framework */,
				F68F408B2EB1309A0004EE07 /* RadarSDKIndoorsTests.xctest */,
			);
			name = Products;
			sourceTree = "<group>";
		};
/* End PBXGroup section */

/* Begin PBXNativeTarget section */
		DD236D22230A006700EB88F9 /* Example */ = {
			isa = PBXNativeTarget;
			buildConfigurationList = DD236D37230A006900EB88F9 /* Build configuration list for PBXNativeTarget "Example" */;
			buildPhases = (
				DD236D1F230A006700EB88F9 /* Sources */,
				DD236D20230A006700EB88F9 /* Frameworks */,
				DD236D21230A006700EB88F9 /* Resources */,
				013D7AF426D327C400574AD5 /* Embed Frameworks */,
			);
			buildRules = (
			);
			dependencies = (
			);
			name = Example;
			packageProductDependencies = (
				F68F40A42EB2A5480004EE07 /* MapLibre */,
				F68F40A92EB2AA220004EE07 /* MapLibreSwiftDSL */,
				F68F40AB2EB2AA220004EE07 /* MapLibreSwiftMacros */,
				F68F40AD2EB2AA220004EE07 /* MapLibreSwiftUI */,
			);
			productName = Example;
			productReference = DD236D23230A006700EB88F9 /* Example.app */;
			productType = "com.apple.product-type.application";
		};
/* End PBXNativeTarget section */

/* Begin PBXProject section */
		DD236D1B230A006700EB88F9 /* Project object */ = {
			isa = PBXProject;
			attributes = {
				LastSwiftUpdateCheck = 1100;
				LastUpgradeCheck = 1320;
				ORGANIZATIONNAME = "Radar Labs, Inc.";
				TargetAttributes = {
					DD236D22230A006700EB88F9 = {
						CreatedOnToolsVersion = 11.0;
					};
				};
			};
			buildConfigurationList = DD236D1E230A006700EB88F9 /* Build configuration list for PBXProject "Example" */;
			compatibilityVersion = "Xcode 9.3";
			developmentRegion = en;
			hasScannedForEncodings = 0;
			knownRegions = (
				en,
				Base,
			);
			mainGroup = DD236D1A230A006700EB88F9;
			packageReferences = (
				F68F40A32EB2A5480004EE07 /* XCRemoteSwiftPackageReference "maplibre-gl-native-distribution" */,
				F68F40A82EB2AA220004EE07 /* XCRemoteSwiftPackageReference "swiftui-dsl" */,
			);
			productRefGroup = DD236D24230A006700EB88F9 /* Products */;
			projectDirPath = "";
			projectReferences = (
				{
					ProductGroup = DD55C3B62395D25600C34B40 /* Products */;
					ProjectRef = DD86FCF9239185F4003225F6 /* RadarSDK.xcodeproj */;
				},
				{
					ProductGroup = F68F407B2EB130990004EE07 /* Products */;
					ProjectRef = F68F40742EB130840004EE07 /* RadarSDKIndoors.xcodeproj */;
				},
				{
					ProductGroup = E698B7392C626AE600084371 /* Products */;
					ProjectRef = E698B7382C626AE600084371 /* RadarSDKMotion.xcodeproj */;
				},
			);
			projectRoot = "";
			targets = (
				DD236D22230A006700EB88F9 /* Example */,
			);
		};
/* End PBXProject section */

/* Begin PBXReferenceProxy section */
		0107AA77262200DA008AB52F /* RadarSDK.framework */ = {
			isa = PBXReferenceProxy;
			fileType = wrapper.framework;
			path = RadarSDK.framework;
			remoteRef = 0107AA76262200DA008AB52F /* PBXContainerItemProxy */;
			sourceTree = BUILT_PRODUCTS_DIR;
		};
		DD55C3BC2395D25600C34B40 /* RadarSDKTests.xctest */ = {
			isa = PBXReferenceProxy;
			fileType = wrapper.cfbundle;
			path = RadarSDKTests.xctest;
			remoteRef = DD55C3BB2395D25600C34B40 /* PBXContainerItemProxy */;
			sourceTree = BUILT_PRODUCTS_DIR;
		};
		E698B7412C626AE600084371 /* RadarSDKMotion.framework */ = {
			isa = PBXReferenceProxy;
			fileType = wrapper.framework;
			path = RadarSDKMotion.framework;
			remoteRef = E698B7402C626AE600084371 /* PBXContainerItemProxy */;
			sourceTree = BUILT_PRODUCTS_DIR;
		};
		E698B7432C626AE600084371 /* RadarSDKMotionTests.xctest */ = {
			isa = PBXReferenceProxy;
			fileType = wrapper.cfbundle;
			path = RadarSDKMotionTests.xctest;
			remoteRef = E698B7422C626AE600084371 /* PBXContainerItemProxy */;
			sourceTree = BUILT_PRODUCTS_DIR;
		};
		F68F40892EB1309A0004EE07 /* RadarSDKIndoors.framework */ = {
			isa = PBXReferenceProxy;
			fileType = wrapper.framework;
			path = RadarSDKIndoors.framework;
			remoteRef = F68F40882EB1309A0004EE07 /* PBXContainerItemProxy */;
			sourceTree = BUILT_PRODUCTS_DIR;
		};
		F68F408B2EB1309A0004EE07 /* RadarSDKIndoorsTests.xctest */ = {
			isa = PBXReferenceProxy;
			fileType = wrapper.cfbundle;
			path = RadarSDKIndoorsTests.xctest;
			remoteRef = F68F408A2EB1309A0004EE07 /* PBXContainerItemProxy */;
			sourceTree = BUILT_PRODUCTS_DIR;
		};
/* End PBXReferenceProxy section */

/* Begin PBXResourcesBuildPhase section */
		DD236D21230A006700EB88F9 /* Resources */ = {
			isa = PBXResourcesBuildPhase;
			buildActionMask = 2147483647;
			files = (
				DD236D30230A006900EB88F9 /* Assets.xcassets in Resources */,
				DDB861D32385FC3E00770661 /* Default-568h@2x.png in Resources */,
			);
			runOnlyForDeploymentPostprocessing = 0;
		};
/* End PBXResourcesBuildPhase section */

/* Begin PBXSourcesBuildPhase section */
		DD236D1F230A006700EB88F9 /* Sources */ = {
			isa = PBXSourcesBuildPhase;
			buildActionMask = 2147483647;
			files = (
				F65B4C312EB3B7F900434EF1 /* RadarSite.swift in Sources */,
				F66DAD6A2E707F0700896773 /* waypoints.gpx in Sources */,
				F65B4C452EB9379300434EF1 /* AR.swift in Sources */,
				F61886C52EA7DC820072E87C /* MapView.swift in Sources */,
				DD236D27230A006700EB88F9 /* AppDelegate.swift in Sources */,
				F61886CF2EA800830072E87C /* DebugView.swift in Sources */,
				F6513F602E6B736200523472 /* MainView.swift in Sources */,
				F61886C32EA7DB5F0072E87C /* LogsView.swift in Sources */,
				F61886C12EA7DB440072E87C /* MyRadarDelegate.swift in Sources */,
				DD291169230D0AF900049D3A /* Utils.swift in Sources */,
				F65B4C2F2EB3B72B00434EF1 /* site.swift in Sources */,
				F61886BF2EA7DB1D0072E87C /* TestsView.swift in Sources */,
			);
			runOnlyForDeploymentPostprocessing = 0;
		};
/* End PBXSourcesBuildPhase section */

/* Begin XCBuildConfiguration section */
		DD236D35230A006900EB88F9 /* Debug */ = {
			isa = XCBuildConfiguration;
			buildSettings = {
				ALWAYS_SEARCH_USER_PATHS = NO;
				CLANG_ANALYZER_NONNULL = YES;
				CLANG_ANALYZER_NUMBER_OBJECT_CONVERSION = YES_AGGRESSIVE;
				CLANG_CXX_LANGUAGE_STANDARD = "gnu++14";
				CLANG_CXX_LIBRARY = "libc++";
				CLANG_ENABLE_MODULES = YES;
				CLANG_ENABLE_OBJC_ARC = YES;
				CLANG_ENABLE_OBJC_WEAK = YES;
				CLANG_WARN_BLOCK_CAPTURE_AUTORELEASING = YES;
				CLANG_WARN_BOOL_CONVERSION = YES;
				CLANG_WARN_COMMA = YES;
				CLANG_WARN_CONSTANT_CONVERSION = YES;
				CLANG_WARN_DEPRECATED_OBJC_IMPLEMENTATIONS = YES;
				CLANG_WARN_DIRECT_OBJC_ISA_USAGE = YES_ERROR;
				CLANG_WARN_DOCUMENTATION_COMMENTS = YES;
				CLANG_WARN_EMPTY_BODY = YES;
				CLANG_WARN_ENUM_CONVERSION = YES;
				CLANG_WARN_INFINITE_RECURSION = YES;
				CLANG_WARN_INT_CONVERSION = YES;
				CLANG_WARN_NON_LITERAL_NULL_CONVERSION = YES;
				CLANG_WARN_OBJC_IMPLICIT_RETAIN_SELF = YES;
				CLANG_WARN_OBJC_LITERAL_CONVERSION = YES;
				CLANG_WARN_OBJC_ROOT_CLASS = YES_ERROR;
				CLANG_WARN_QUOTED_INCLUDE_IN_FRAMEWORK_HEADER = YES;
				CLANG_WARN_RANGE_LOOP_ANALYSIS = YES;
				CLANG_WARN_STRICT_PROTOTYPES = YES;
				CLANG_WARN_SUSPICIOUS_MOVE = YES;
				CLANG_WARN_UNGUARDED_AVAILABILITY = YES_AGGRESSIVE;
				CLANG_WARN_UNREACHABLE_CODE = YES;
				CLANG_WARN__DUPLICATE_METHOD_MATCH = YES;
				COPY_PHASE_STRIP = NO;
				DEBUG_INFORMATION_FORMAT = dwarf;
				ENABLE_STRICT_OBJC_MSGSEND = YES;
				ENABLE_TESTABILITY = YES;
				GCC_C_LANGUAGE_STANDARD = gnu11;
				GCC_DYNAMIC_NO_PIC = NO;
				GCC_NO_COMMON_BLOCKS = YES;
				GCC_OPTIMIZATION_LEVEL = 0;
				GCC_PREPROCESSOR_DEFINITIONS = (
					"DEBUG=1",
					"$(inherited)",
				);
				GCC_WARN_64_TO_32_BIT_CONVERSION = YES;
				GCC_WARN_ABOUT_RETURN_TYPE = YES_ERROR;
				GCC_WARN_UNDECLARED_SELECTOR = YES;
				GCC_WARN_UNINITIALIZED_AUTOS = YES_AGGRESSIVE;
				GCC_WARN_UNUSED_FUNCTION = YES;
				GCC_WARN_UNUSED_VARIABLE = YES;
				IPHONEOS_DEPLOYMENT_TARGET = 13.0;
				MTL_ENABLE_DEBUG_INFO = INCLUDE_SOURCE;
				MTL_FAST_MATH = YES;
				ONLY_ACTIVE_ARCH = YES;
				SDKROOT = iphoneos;
				SWIFT_ACTIVE_COMPILATION_CONDITIONS = DEBUG;
				SWIFT_OPTIMIZATION_LEVEL = "-Onone";
			};
			name = Debug;
		};
		DD236D36230A006900EB88F9 /* Release */ = {
			isa = XCBuildConfiguration;
			buildSettings = {
				ALWAYS_SEARCH_USER_PATHS = NO;
				CLANG_ANALYZER_NONNULL = YES;
				CLANG_ANALYZER_NUMBER_OBJECT_CONVERSION = YES_AGGRESSIVE;
				CLANG_CXX_LANGUAGE_STANDARD = "gnu++14";
				CLANG_CXX_LIBRARY = "libc++";
				CLANG_ENABLE_MODULES = YES;
				CLANG_ENABLE_OBJC_ARC = YES;
				CLANG_ENABLE_OBJC_WEAK = YES;
				CLANG_WARN_BLOCK_CAPTURE_AUTORELEASING = YES;
				CLANG_WARN_BOOL_CONVERSION = YES;
				CLANG_WARN_COMMA = YES;
				CLANG_WARN_CONSTANT_CONVERSION = YES;
				CLANG_WARN_DEPRECATED_OBJC_IMPLEMENTATIONS = YES;
				CLANG_WARN_DIRECT_OBJC_ISA_USAGE = YES_ERROR;
				CLANG_WARN_DOCUMENTATION_COMMENTS = YES;
				CLANG_WARN_EMPTY_BODY = YES;
				CLANG_WARN_ENUM_CONVERSION = YES;
				CLANG_WARN_INFINITE_RECURSION = YES;
				CLANG_WARN_INT_CONVERSION = YES;
				CLANG_WARN_NON_LITERAL_NULL_CONVERSION = YES;
				CLANG_WARN_OBJC_IMPLICIT_RETAIN_SELF = YES;
				CLANG_WARN_OBJC_LITERAL_CONVERSION = YES;
				CLANG_WARN_OBJC_ROOT_CLASS = YES_ERROR;
				CLANG_WARN_QUOTED_INCLUDE_IN_FRAMEWORK_HEADER = YES;
				CLANG_WARN_RANGE_LOOP_ANALYSIS = YES;
				CLANG_WARN_STRICT_PROTOTYPES = YES;
				CLANG_WARN_SUSPICIOUS_MOVE = YES;
				CLANG_WARN_UNGUARDED_AVAILABILITY = YES_AGGRESSIVE;
				CLANG_WARN_UNREACHABLE_CODE = YES;
				CLANG_WARN__DUPLICATE_METHOD_MATCH = YES;
				COPY_PHASE_STRIP = NO;
				DEBUG_INFORMATION_FORMAT = "dwarf-with-dsym";
				ENABLE_NS_ASSERTIONS = NO;
				ENABLE_STRICT_OBJC_MSGSEND = YES;
				GCC_C_LANGUAGE_STANDARD = gnu11;
				GCC_NO_COMMON_BLOCKS = YES;
				GCC_WARN_64_TO_32_BIT_CONVERSION = YES;
				GCC_WARN_ABOUT_RETURN_TYPE = YES_ERROR;
				GCC_WARN_UNDECLARED_SELECTOR = YES;
				GCC_WARN_UNINITIALIZED_AUTOS = YES_AGGRESSIVE;
				GCC_WARN_UNUSED_FUNCTION = YES;
				GCC_WARN_UNUSED_VARIABLE = YES;
				IPHONEOS_DEPLOYMENT_TARGET = 13.0;
				MTL_ENABLE_DEBUG_INFO = NO;
				MTL_FAST_MATH = YES;
				SDKROOT = iphoneos;
				SWIFT_COMPILATION_MODE = wholemodule;
				SWIFT_OPTIMIZATION_LEVEL = "-O";
				VALIDATE_PRODUCT = YES;
			};
			name = Release;
		};
		DD236D38230A006900EB88F9 /* Debug */ = {
			isa = XCBuildConfiguration;
			buildSettings = {
				ASSETCATALOG_COMPILER_APPICON_NAME = AppIcon;
				CODE_SIGN_ENTITLEMENTS = Example/Example.entitlements;
				CODE_SIGN_IDENTITY = "iPhone Developer";
				CODE_SIGN_STYLE = Automatic;
				DEVELOPMENT_TEAM = 96GHH65B9D;
				FRAMEWORK_SEARCH_PATHS = (
					"$(inherited)",
					"$(PROJECT_DIR)",
					"$(SRCROOT)",
				);
				HEADER_SEARCH_PATHS = "$(PROJECT_DIR)/RadarSDK";
				INFOPLIST_FILE = Example/Info.plist;
				INFOPLIST_KEY_CFBundleDisplayName = Example;
				IPHONEOS_DEPLOYMENT_TARGET = 15.6;
				LD_RUNPATH_SEARCH_PATHS = (
					"$(inherited)",
					"@executable_path/Frameworks",
				);
				MARKETING_VERSION = 3.5.0;
				PRODUCT_BUNDLE_IDENTIFIER = io.radar.iosexample;
				PRODUCT_NAME = "$(TARGET_NAME)";
				PROVISIONING_PROFILE_SPECIFIER = "";
				SWIFT_VERSION = 5.0;
				TARGETED_DEVICE_FAMILY = "1,2";
			};
			name = Debug;
		};
		DD236D39230A006900EB88F9 /* Release */ = {
			isa = XCBuildConfiguration;
			buildSettings = {
				ASSETCATALOG_COMPILER_APPICON_NAME = AppIcon;
				CODE_SIGN_ENTITLEMENTS = Example/Example.entitlements;
				CODE_SIGN_IDENTITY = "iPhone Developer";
				CODE_SIGN_STYLE = Automatic;
				DEVELOPMENT_TEAM = 96GHH65B9D;
				FRAMEWORK_SEARCH_PATHS = (
					"$(inherited)",
					"$(PROJECT_DIR)",
					"$(SRCROOT)",
				);
				HEADER_SEARCH_PATHS = "$(PROJECT_DIR)/RadarSDK";
				INFOPLIST_FILE = Example/Info.plist;
				INFOPLIST_KEY_CFBundleDisplayName = Example;
				IPHONEOS_DEPLOYMENT_TARGET = 15.6;
				LD_RUNPATH_SEARCH_PATHS = (
					"$(inherited)",
					"@executable_path/Frameworks",
				);
				MARKETING_VERSION = 3.5.0;
				PRODUCT_BUNDLE_IDENTIFIER = io.radar.iosexample;
				PRODUCT_NAME = "$(TARGET_NAME)";
				PROVISIONING_PROFILE_SPECIFIER = "";
				SWIFT_VERSION = 5.0;
				TARGETED_DEVICE_FAMILY = "1,2";
			};
			name = Release;
		};
/* End XCBuildConfiguration section */

/* Begin XCConfigurationList section */
		DD236D1E230A006700EB88F9 /* Build configuration list for PBXProject "Example" */ = {
			isa = XCConfigurationList;
			buildConfigurations = (
				DD236D35230A006900EB88F9 /* Debug */,
				DD236D36230A006900EB88F9 /* Release */,
			);
			defaultConfigurationIsVisible = 0;
			defaultConfigurationName = Release;
		};
		DD236D37230A006900EB88F9 /* Build configuration list for PBXNativeTarget "Example" */ = {
			isa = XCConfigurationList;
			buildConfigurations = (
				DD236D38230A006900EB88F9 /* Debug */,
				DD236D39230A006900EB88F9 /* Release */,
			);
			defaultConfigurationIsVisible = 0;
			defaultConfigurationName = Release;
		};
/* End XCConfigurationList section */

/* Begin XCRemoteSwiftPackageReference section */
		F68F40A32EB2A5480004EE07 /* XCRemoteSwiftPackageReference "maplibre-gl-native-distribution" */ = {
			isa = XCRemoteSwiftPackageReference;
			repositoryURL = "https://github.com/maplibre/maplibre-gl-native-distribution";
			requirement = {
				kind = upToNextMajorVersion;
				minimumVersion = 6.19.3;
			};
		};
		F68F40A82EB2AA220004EE07 /* XCRemoteSwiftPackageReference "swiftui-dsl" */ = {
			isa = XCRemoteSwiftPackageReference;
			repositoryURL = "https://github.com/maplibre/swiftui-dsl";
			requirement = {
				branch = main;
				kind = branch;
			};
		};
/* End XCRemoteSwiftPackageReference section */

/* Begin XCSwiftPackageProductDependency section */
		F68F40A42EB2A5480004EE07 /* MapLibre */ = {
			isa = XCSwiftPackageProductDependency;
			package = F68F40A32EB2A5480004EE07 /* XCRemoteSwiftPackageReference "maplibre-gl-native-distribution" */;
			productName = MapLibre;
		};
		F68F40A92EB2AA220004EE07 /* MapLibreSwiftDSL */ = {
			isa = XCSwiftPackageProductDependency;
			package = F68F40A82EB2AA220004EE07 /* XCRemoteSwiftPackageReference "swiftui-dsl" */;
			productName = MapLibreSwiftDSL;
		};
		F68F40AB2EB2AA220004EE07 /* MapLibreSwiftMacros */ = {
			isa = XCSwiftPackageProductDependency;
			package = F68F40A82EB2AA220004EE07 /* XCRemoteSwiftPackageReference "swiftui-dsl" */;
			productName = MapLibreSwiftMacros;
		};
		F68F40AD2EB2AA220004EE07 /* MapLibreSwiftUI */ = {
			isa = XCSwiftPackageProductDependency;
			package = F68F40A82EB2AA220004EE07 /* XCRemoteSwiftPackageReference "swiftui-dsl" */;
			productName = MapLibreSwiftUI;
		};
/* End XCSwiftPackageProductDependency section */
	};
	rootObject = DD236D1B230A006700EB88F9 /* Project object */;
}
