{
  "originHash" : "1137cf7ad513518667f26158ea2c0202624ebaddc151480dc0c9ff077cb46254",
  "pins" : [
    {
      "identity" : "gzipswift",
      "kind" : "remoteSourceControl",
      "location" : "https://github.com/1024jp/GzipSwift",
      "state" : {
        "revision" : "56bf51fdd2fe4b2cf254b2cf34aede3d7caccc6c",
        "version" : "6.1.0"
      }
    },
    {
      "identity" : "maplibre-gl-native-distribution",
      "kind" : "remoteSourceControl",
      "location" : "https://github.com/maplibre/maplibre-gl-native-distribution",
      "state" : {
        "revision" : "e0ee2c11a2859e22d3f0dd29705c18169bdafa7b",
        "version" : "6.25.0"
      }
    },
    {
      "identity" : "swift-syntax",
      "kind" : "remoteSourceControl",
      "location" : "https://github.com/swiftlang/swift-syntax.git",
      "state" : {
        "revision" : "4799286537280063c85a32f09884cfbca301b1a1",
        "version" : "602.0.0"
      }
    },
    {
      "identity" : "swiftui-dsl",
      "kind" : "remoteSourceControl",
      "location" : "https://github.com/maplibre/swiftui-dsl",
      "state" : {
        "branch" : "main",
        "revision" : "139e83d1487f29b42a4f5db2458594170f0ff7e3"
      }
    }
  ],
  "version" : 3
}
