{
  "object": {
    "pins": [
      {
        "package": "RadarSDK",
        "repositoryURL": "https://github.com/radarlabs/radar-sdk-ios.git",
        "state": {
          "branch": null,
          "revision": "5a85b5343fd4d08da797660ec837affedbe8b570",
          "version": "3.3.1"
        }
      }
    ]
  },
  "version": 1
}
